
Microsoft Visual Studio Solution File, Format Version 12.00
# Visual Studio Version 17
VisualStudioVersion = 17.1.31911.260
MinimumVisualStudioVersion = 10.0.40219.1
Project("{FAE04EC0-301F-11D3-BF4B-00C04F79EFBC}") = "ModelConversionApp", "ModelConversionApp\ModelConversionApp.csproj", "{79849857-C6C4-47F8-AC73-EEB5BA3334CE}"
EndProject
Global
	GlobalSection(SolutionConfigurationPlatforms) = preSolution
		Debug|Any CPU = Debug|Any CPU
		Release|Any CPU = Release|Any CPU
	EndGlobalSection
	GlobalSection(ProjectConfigurationPlatforms) = postSolution
		{79849857-C6C4-47F8-AC73-EEB5BA3334CE}.Debug|Any CPU.ActiveCfg = Debug|Any CPU
		{79849857-C6C4-47F8-AC73-EEB5BA3334CE}.Debug|Any CPU.Build.0 = Debug|Any CPU
		{79849857-C6C4-47F8-AC73-EEB5BA3334CE}.Release|Any CPU.ActiveCfg = Release|Any CPU
		{79849857-C6C4-47F8-AC73-EEB5BA3334CE}.Release|Any CPU.Build.0 = Release|Any CPU
	EndGlobalSection
	GlobalSection(SolutionProperties) = preSolution
		HideSolutionNode = FALSE
	EndGlobalSection
	GlobalSection(ExtensibilityGlobals) = postSolution
		SolutionGuid = {3E1D58E1-1814-454B-A405-B3787E6AF266}
	EndGlobalSection
EndGlobal
